
Microsoft Visual Studio Solution File, Format Version 12.00
# Visual Studio Version 17
VisualStudioVersion = 17.4.33213.308
MinimumVisualStudioVersion = 10.0.40219.1
Project("{9A19103F-16F7-4668-BE54-9A1E7A4F7556}") = "TengoProject.Web", "TengoProject\TengoProject.Web.csproj", "{9EBAFD12-1A8E-408C-9AAA-FD1C728D10D8}"
EndProject
Project("{FAE04EC0-301F-11D3-BF4B-00C04F79EFBC}") = "TengoProject.Domain", "TengoProject.Domain\TengoProject.Domain.csproj", "{C7D89C3E-CFCB-492B-BB6C-36C9A769CC5D}"
EndProject
Project("{FAE04EC0-301F-11D3-BF4B-00C04F79EFBC}") = "TengoProject.Repository", "TengoProject.Repository\TengoProject.Repository.csproj", "{EA5521BC-3CDB-444D-8185-490B82E6C9FD}"
EndProject
Project("{FAE04EC0-301F-11D3-BF4B-00C04F79EFBC}") = "TengoProject.Services", "TengoProject.Services\TengoProject.Services.csproj", "{37B28D86-7B8B-47EF-AC86-0455030820E7}"
EndProject
Global
	GlobalSection(SolutionConfigurationPlatforms) = preSolution
		Debug|Any CPU = Debug|Any CPU
		Release|Any CPU = Release|Any CPU
	EndGlobalSection
	GlobalSection(ProjectConfigurationPlatforms) = postSolution
		{9EBAFD12-1A8E-408C-9AAA-FD1C728D10D8}.Debug|Any CPU.ActiveCfg = Debug|Any CPU
		{9EBAFD12-1A8E-408C-9AAA-FD1C728D10D8}.Debug|Any CPU.Build.0 = Debug|Any CPU
		{9EBAFD12-1A8E-408C-9AAA-FD1C728D10D8}.Release|Any CPU.ActiveCfg = Release|Any CPU
		{9EBAFD12-1A8E-408C-9AAA-FD1C728D10D8}.Release|Any CPU.Build.0 = Release|Any CPU
		{C7D89C3E-CFCB-492B-BB6C-36C9A769CC5D}.Debug|Any CPU.ActiveCfg = Debug|Any CPU
		{C7D89C3E-CFCB-492B-BB6C-36C9A769CC5D}.Debug|Any CPU.Build.0 = Debug|Any CPU
		{C7D89C3E-CFCB-492B-BB6C-36C9A769CC5D}.Release|Any CPU.ActiveCfg = Release|Any CPU
		{C7D89C3E-CFCB-492B-BB6C-36C9A769CC5D}.Release|Any CPU.Build.0 = Release|Any CPU
		{EA5521BC-3CDB-444D-8185-490B82E6C9FD}.Debug|Any CPU.ActiveCfg = Debug|Any CPU
		{EA5521BC-3CDB-444D-8185-490B82E6C9FD}.Debug|Any CPU.Build.0 = Debug|Any CPU
		{EA5521BC-3CDB-444D-8185-490B82E6C9FD}.Release|Any CPU.ActiveCfg = Release|Any CPU
		{EA5521BC-3CDB-444D-8185-490B82E6C9FD}.Release|Any CPU.Build.0 = Release|Any CPU
		{37B28D86-7B8B-47EF-AC86-0455030820E7}.Debug|Any CPU.ActiveCfg = Debug|Any CPU
		{37B28D86-7B8B-47EF-AC86-0455030820E7}.Debug|Any CPU.Build.0 = Debug|Any CPU
		{37B28D86-7B8B-47EF-AC86-0455030820E7}.Release|Any CPU.ActiveCfg = Release|Any CPU
		{37B28D86-7B8B-47EF-AC86-0455030820E7}.Release|Any CPU.Build.0 = Release|Any CPU
	EndGlobalSection
	GlobalSection(SolutionProperties) = preSolution
		HideSolutionNode = FALSE
	EndGlobalSection
	GlobalSection(ExtensibilityGlobals) = postSolution
		SolutionGuid = {2765F410-8B74-40EC-8B3B-780DDA2A5758}
	EndGlobalSection
EndGlobal
